# THIS IS AN AUTOGENERATED FILE. DO NOT EDIT THIS FILE DIRECTLY.
# yarn lockfile v1


"@twind/preact@^1.0.3":
  version "1.0.3"
  resolved "https://registry.npmjs.org/@twind/preact/-/preact-1.0.3.tgz#d6614f69abc052b170dbd94a633d42f2357ca265"
  integrity sha512-F+MVU9Pdx/3YgmComw3bh7+fJ0IldbNnw41X9DboU/qt3XzDuJ+wglJZmTIR53x+zrvOFozIfT8xesCPSlNe1Q==

"@twind/wmr@^1.0.5":
  version "1.0.5"
  resolved "https://registry.npmjs.org/@twind/wmr/-/wmr-1.0.5.tgz#52a9eeab2c64b52a796f1e770800a6dab574735b"
  integrity sha512-9iQ6dYm9k8ntWfX0Rko4kVCs0iP4xdBnYi9VibTEYw6PlJqN5tCYxJnBawlzY1a4ZD+SIIdRbs+mOGfE/Ec0yw==
  dependencies:
    "@twind/preact" "^1.0.3"

csstype@^3.0.5:
  version "3.0.5"
  resolved "https://registry.npmjs.org/csstype/-/csstype-3.0.5.tgz#7fdec6a28a67ae18647c51668a9ff95bb2fa7bb8"
  integrity sha512-uVDi8LpBUKQj6sdxNaTetL6FpeCqTjOvAQuQUa/qAqq8oOd4ivkbhgnqayl0dnPal8Tb/yB1tF+gOvCBiicaiQ==

dom-serializer@^1.0.1:
  version "1.2.0"
  resolved "https://registry.npmjs.org/dom-serializer/-/dom-serializer-1.2.0.tgz#3433d9136aeb3c627981daa385fc7f32d27c48f1"
  integrity sha512-n6kZFH/KlCrqs/1GHMOd5i2fd/beQHuehKdWvNNffbGHTr/almdhuVvTVFb3V7fglz+nC50fFusu3lY33h12pA==
  dependencies:
    domelementtype "^2.0.1"
    domhandler "^4.0.0"
    entities "^2.0.0"

domelementtype@^2.0.1, domelementtype@^2.1.0:
  version "2.1.0"
  resolved "https://registry.npmjs.org/domelementtype/-/domelementtype-2.1.0.tgz#a851c080a6d1c3d94344aed151d99f669edf585e"
  integrity sha512-LsTgx/L5VpD+Q8lmsXSHW2WpA+eBlZ9HPf3erD1IoPF00/3JKHZ3BknUVA2QGDNu69ZNmyFmCWBSO45XjYKC5w==

domhandler@^4.0.0:
  version "4.0.0"
  resolved "https://registry.npmjs.org/domhandler/-/domhandler-4.0.0.tgz#01ea7821de996d85f69029e81fa873c21833098e"
  integrity sha512-KPTbnGQ1JeEMQyO1iYXoagsI6so/C96HZiFyByU3T6iAzpXn8EGEvct6unm1ZGoed8ByO2oirxgwxBmqKF9haA==
  dependencies:
    domelementtype "^2.1.0"

domutils@^2.4.4:
  version "2.4.4"
  resolved "https://registry.npmjs.org/domutils/-/domutils-2.4.4.tgz#282739c4b150d022d34699797369aad8d19bbbd3"
  integrity sha512-jBC0vOsECI4OMdD0GC9mGn7NXPLb+Qt6KW1YDQzeQYRUFKmNG8lh7mO5HiELfr+lLQE7loDVI4QcAxV80HS+RA==
  dependencies:
    dom-serializer "^1.0.1"
    domelementtype "^2.0.1"
    domhandler "^4.0.0"

entities@^2.0.0:
  version "2.2.0"
  resolved "https://registry.npmjs.org/entities/-/entities-2.2.0.tgz#098dc90ebb83d8dffa089d55256b351d34c4da55"
  integrity sha512-p92if5Nz619I0w+akJrLZH0MX0Pb5DX39XOwQTtXSdQQOaYH03S1uIQp4mhOZtAXrxq4ViO67YTiLBo2638o9A==

htmlparser2@^6.0.0:
  version "6.0.0"
  resolved "https://registry.npmjs.org/htmlparser2/-/htmlparser2-6.0.0.tgz#c2da005030390908ca4c91e5629e418e0665ac01"
  integrity sha512-numTQtDZMoh78zJpaNdJ9MXb2cv5G3jwUoe3dMQODubZvLoGvTE/Ofp6sHvH8OGKcN/8A47pGLi/k58xHP/Tfw==
  dependencies:
    domelementtype "^2.0.1"
    domhandler "^4.0.0"
    domutils "^2.4.4"
    entities "^2.0.0"

preact-iso@^1.0.1:
  version "1.0.1"
  resolved "https://registry.npmjs.org/preact-iso/-/preact-iso-1.0.1.tgz#be0ef5762357bb6c227becdbb2f642d8405cc8e1"
  integrity sha512-A7TpYHNrDe9Mk0oyGyr6UNrd3Yo4+JTq/dIqsuZDgpRE2A/KhkC2Tkp+mkOzYGtJhv4pqXvoiW2KOapVM2Szgw==

preact-render-to-string@^5.1.16:
  version "5.1.16"
  resolved "https://registry.npmjs.org/preact-render-to-string/-/preact-render-to-string-5.1.16.tgz#379db30e51916d45a67c00163ef812ad376aa721"
  integrity sha512-HvO3W29Sziz9r5FZGwl2e34XJKzyRLvjhouv3cpkCGszNPdnvkO8p4B6CBpe0MT/tzR+QVbmsAKLrMK222UXew==
  dependencies:
    pretty-format "^3.8.0"

preact@^10.5.12:
  version "10.5.12"
  resolved "https://registry.npmjs.org/preact/-/preact-10.5.12.tgz#6a8ee8bf40a695c505df9abebacd924e4dd37704"
  integrity sha512-r6siDkuD36oszwlCkcqDJCAKBQxGoeEGytw2DGMD5A/GGdu5Tymw+N2OBXwvOLxg6d1FeY8MgMV3cc5aVQo4Cg==

pretty-format@^3.8.0:
  version "3.8.0"
  resolved "https://registry.npmjs.org/pretty-format/-/pretty-format-3.8.0.tgz#bfbed56d5e9a776645f4b1ff7aa1a3ac4fa3c385"
  integrity sha1-v77VbV6ad2ZF9LH/eqGjrE+jw4U=

style-vendorizer@^2.0.0:
  version "2.0.0"
  resolved "https://registry.npmjs.org/style-vendorizer/-/style-vendorizer-2.0.0.tgz#0c46cec94069f1c768d31c3d307ed045646f503c"
  integrity sha512-CeqwnrtXd/DKIadVNdJDtHnpCmsc28rWVWLmgpF2HdzTiWFVCE1F1OzWWwskOEtWpOpgm6NrjccfkNGo8qW4MA==

twind@^0.16.0:
  version "0.16.0"
  resolved "https://registry.npmjs.org/twind/-/twind-0.16.0.tgz#8045ae7178149aaa94669669ea98c1f129a0ef82"
  integrity sha512-dAslmdmPi8N9dmEB2ZgZewqTHnkC2K39WaPQSWAqon+oKhn7sh4wd5R0zkxvPpbB8QGLdGxeEOZJjQt5RgS57Q==
  dependencies:
    csstype "^3.0.5"
    htmlparser2 "^6.0.0"
    style-vendorizer "^2.0.0"

wmr@^1.3.1:
  version "1.3.1"
  resolved "https://registry.npmjs.org/wmr/-/wmr-1.3.1.tgz#2f36356f853606a7aff87fdd00e9fa0164805fe6"
  integrity sha512-+CAPpQdExnsykp0C/dj8erri19pzov4YXBG+r1f+DI6uoB62jj+GpTPMXWtkYVMl+YllTONatwS4c3/1p6Kfvg==
