# THIS IS AN AUTOGENERATED FILE. DO NOT EDIT THIS FILE DIRECTLY.
# yarn lockfile v1


csstype@^3.0.5:
  version "3.0.5"
  resolved "https://registry.npmjs.org/csstype/-/csstype-3.0.5.tgz#7fdec6a28a67ae18647c51668a9ff95bb2fa7bb8"
  integrity sha512-uVDi8LpBUKQj6sdxNaTetL6FpeCqTjOvAQuQUa/qAqq8oOd4ivkbhgnqayl0dnPal8Tb/yB1tF+gOvCBiicaiQ==

preact-iso@^0.2.0:
  version "0.2.0"
  resolved "https://registry.npmjs.org/preact-iso/-/preact-iso-0.2.0.tgz#f7d00716b5e2cef72d9262199a9b44b7c35a9204"
  integrity sha512-p8FJRt55aXpb2TAL3JsiTP1YJm7XqIXb8mf7LVrMNoQRHW0VvqXNvIFYmHOIJArGlIIOb2v1w9o6/edOnSQFvA==

style-vendorizer@^2.0.0:
  version "2.0.0"
  resolved "https://registry.npmjs.org/style-vendorizer/-/style-vendorizer-2.0.0.tgz#0c46cec94069f1c768d31c3d307ed045646f503c"
  integrity sha512-CeqwnrtXd/DKIadVNdJDtHnpCmsc28rWVWLmgpF2HdzTiWFVCE1F1OzWWwskOEtWpOpgm6NrjccfkNGo8qW4MA==

twind@^0.10.3:
  version "0.10.3"
  resolved "https://registry.npmjs.org/twind/-/twind-0.10.3.tgz#693310ee3bac1c29245743c41063d8551c7e32ae"
  integrity sha512-Qp+DWeXApHe4MBGYHKsoYNlHwJH6NAu2e9xCYnett0tmvyrEx2dcXEN+vF1GYCIj6S4LRLztqdH+L9wE1NAXrQ==
  dependencies:
    csstype "^3.0.5"
    style-vendorizer "^2.0.0"

wmr@^1.0.0:
  version "1.0.0"
  resolved "https://registry.npmjs.org/wmr/-/wmr-1.0.0.tgz#3e058597716228a13a570aa7e7aacc2a2b479e15"
  integrity sha512-e4skIObjY4V7tERFSTemBw2RXuj0eDpJEVqPggMtwFlDqeCGD1g7aS32ElEf+AfreF2hSAN/F1lB7j1PHUlBdw==
